
Microsoft Visual Studio Solution File, Format Version 12.00
# Visual Studio Version 17
VisualStudioVersion = 17.10.35027.167
MinimumVisualStudioVersion = 10.0.40219.1
Project("{FAE04EC0-301F-11D3-BF4B-00C04F79EFBC}") = "eShelfAPI", "eShelfAPI.csproj", "{2912FD4C-433F-489E-98BA-1C784A5CEF83}"
EndProject
Global
	GlobalSection(SolutionConfigurationPlatforms) = preSolution
		Debug|Any CPU = Debug|Any CPU
		Release|Any CPU = Release|Any CPU
	EndGlobalSection
	GlobalSection(ProjectConfigurationPlatforms) = postSolution
		{2912FD4C-433F-489E-98BA-1C784A5CEF83}.Debug|Any CPU.ActiveCfg = Debug|Any CPU
		{2912FD4C-433F-489E-98BA-1C784A5CEF83}.Debug|Any CPU.Build.0 = Debug|Any CPU
		{2912FD4C-433F-489E-98BA-1C784A5CEF83}.Release|Any CPU.ActiveCfg = Release|Any CPU
		{2912FD4C-433F-489E-98BA-1C784A5CEF83}.Release|Any CPU.Build.0 = Release|Any CPU
	EndGlobalSection
	GlobalSection(SolutionProperties) = preSolution
		HideSolutionNode = FALSE
	EndGlobalSection
	GlobalSection(ExtensibilityGlobals) = postSolution
		SolutionGuid = {7D0735DD-90F5-4B4C-A103-3553C3B630F2}
	EndGlobalSection
EndGlobal
